{
  "name": "a",
  "version": "1.0.0",
  "lockfileVersion": 1,
  "requires": true,
  "dependencies": {
    "p-iteration": {
      "version": "1.1.5",
      "resolved": "https://registry.npmjs.org/p-iteration/-/p-iteration-1.1.5.tgz",
      "integrity": "sha512-CvyfEfEWShCRhgGRhe0Y4WX2anIi81ww0I9Yc36jkjVX1tbwTChN+jwGzxiX4dTd6xLRkSwN9u2fqXLu4/JHSA=="
    }
  }
}
